
Microsoft Visual Studio Solution File, Format Version 12.00
# Visual Studio Version 16
VisualStudioVersion = 16.0.31205.134
MinimumVisualStudioVersion = 10.0.40219.1
Project("{FAE04EC0-301F-11D3-BF4B-00C04F79EFBC}") = "BallGamesWindowsFormsApp", "BallGamesWindowsFormsApp\BallGamesWindowsFormsApp.csproj", "{1AF35EB4-BF6B-471D-8F80-F0A8FD3AC83E}"
EndProject
Project("{FAE04EC0-301F-11D3-BF4B-00C04F79EFBC}") = "BallsV2WindowsFormsApp", "BallsV2WindowsFormsApp\BallsV2WindowsFormsApp.csproj", "{ACA36AD6-2113-4CD2-91AA-40374645A665}"
EndProject
Project("{FAE04EC0-301F-11D3-BF4B-00C04F79EFBC}") = "BallsGamesClassLibrary", "BallsGamesClassLibrary\BallsGamesClassLibrary.csproj", "{F797F92C-60D7-498D-A14A-6794626A110D}"
EndProject
Project("{FAE04EC0-301F-11D3-BF4B-00C04F79EFBC}") = "BilliardBallsWindowsFormsApp", "BilliardBallsWindowsFormsApp\BilliardBallsWindowsFormsApp.csproj", "{C1B78EF8-7D21-4C0F-9984-C177C9D49D10}"
EndProject
Project("{FAE04EC0-301F-11D3-BF4B-00C04F79EFBC}") = "SaluteWindowsFormsApp", "SaluteWindowsFormsApp\SaluteWindowsFormsApp.csproj", "{7B7F67F3-0B30-4C9B-A8E1-568734D4F294}"
EndProject
Global
	GlobalSection(SolutionConfigurationPlatforms) = preSolution
		Debug|Any CPU = Debug|Any CPU
		Release|Any CPU = Release|Any CPU
	EndGlobalSection
	GlobalSection(ProjectConfigurationPlatforms) = postSolution
		{1AF35EB4-BF6B-471D-8F80-F0A8FD3AC83E}.Debug|Any CPU.ActiveCfg = Debug|Any CPU
		{1AF35EB4-BF6B-471D-8F80-F0A8FD3AC83E}.Debug|Any CPU.Build.0 = Debug|Any CPU
		{1AF35EB4-BF6B-471D-8F80-F0A8FD3AC83E}.Release|Any CPU.ActiveCfg = Release|Any CPU
		{1AF35EB4-BF6B-471D-8F80-F0A8FD3AC83E}.Release|Any CPU.Build.0 = Release|Any CPU
		{ACA36AD6-2113-4CD2-91AA-40374645A665}.Debug|Any CPU.ActiveCfg = Debug|Any CPU
		{ACA36AD6-2113-4CD2-91AA-40374645A665}.Debug|Any CPU.Build.0 = Debug|Any CPU
		{ACA36AD6-2113-4CD2-91AA-40374645A665}.Release|Any CPU.ActiveCfg = Release|Any CPU
		{ACA36AD6-2113-4CD2-91AA-40374645A665}.Release|Any CPU.Build.0 = Release|Any CPU
		{F797F92C-60D7-498D-A14A-6794626A110D}.Debug|Any CPU.ActiveCfg = Debug|Any CPU
		{F797F92C-60D7-498D-A14A-6794626A110D}.Debug|Any CPU.Build.0 = Debug|Any CPU
		{F797F92C-60D7-498D-A14A-6794626A110D}.Release|Any CPU.ActiveCfg = Release|Any CPU
		{F797F92C-60D7-498D-A14A-6794626A110D}.Release|Any CPU.Build.0 = Release|Any CPU
		{C1B78EF8-7D21-4C0F-9984-C177C9D49D10}.Debug|Any CPU.ActiveCfg = Debug|Any CPU
		{C1B78EF8-7D21-4C0F-9984-C177C9D49D10}.Debug|Any CPU.Build.0 = Debug|Any CPU
		{C1B78EF8-7D21-4C0F-9984-C177C9D49D10}.Release|Any CPU.ActiveCfg = Release|Any CPU
		{C1B78EF8-7D21-4C0F-9984-C177C9D49D10}.Release|Any CPU.Build.0 = Release|Any CPU
		{7B7F67F3-0B30-4C9B-A8E1-568734D4F294}.Debug|Any CPU.ActiveCfg = Debug|Any CPU
		{7B7F67F3-0B30-4C9B-A8E1-568734D4F294}.Debug|Any CPU.Build.0 = Debug|Any CPU
		{7B7F67F3-0B30-4C9B-A8E1-568734D4F294}.Release|Any CPU.ActiveCfg = Release|Any CPU
		{7B7F67F3-0B30-4C9B-A8E1-568734D4F294}.Release|Any CPU.Build.0 = Release|Any CPU
	EndGlobalSection
	GlobalSection(SolutionProperties) = preSolution
		HideSolutionNode = FALSE
	EndGlobalSection
	GlobalSection(ExtensibilityGlobals) = postSolution
		SolutionGuid = {A4FB7241-A27E-4416-8A7B-8A66AD58B51B}
	EndGlobalSection
EndGlobal
